{
  "lockfile_version": "1",
  "packages": {
    "darwin.apple_sdk.frameworks.CoreServices": {
      "resolved": "github:NixOS/nixpkgs/12a55407652e04dcf2309436eb06fef0d3713ef3?narHash=sha256-N4cp0asTsJCnRMFZ%2Fk19V9akkxb7J%2FopG%2BK%2BjU57JGc%3D#darwin.apple_sdk.frameworks.CoreServices",
      "source": "nixpkg",
      "systems": {
        "aarch64-darwin": {
          "outputs": [
            {
              "path": "/nix/store/jcsc5n97cwxy9qd6mj4gpn4d3f5rvg9y-CoreServices-11.0",
              "default": true
            }
          ]
        }
      }
    },
    "elixir-ls@latest": {
      "last_modified": "2024-12-27T03:08:00Z",
      "resolved": "github:NixOS/nixpkgs/7cc0bff31a3a705d3ac4fdceb030a17239412210#elixir-ls",
      "source": "devbox-search",
      "version": "0.25.0",
      "systems": {
        "aarch64-darwin": {
          "outputs": [
            {
              "name": "out",
              "path": "/nix/store/ichp670bk1hvy0024g5pg7sisskdm89g-elixir-ls-0.25.0",
              "default": true
            }
          ],
          "store_path": "/nix/store/ichp670bk1hvy0024g5pg7sisskdm89g-elixir-ls-0.25.0"
        },
        "aarch64-linux": {
          "outputs": [
            {
              "name": "out",
              "path": "/nix/store/w4nxdb7j9si5vah7mvs494g580x67dz2-elixir-ls-0.25.0",
              "default": true
            }
          ],
          "store_path": "/nix/store/w4nxdb7j9si5vah7mvs494g580x67dz2-elixir-ls-0.25.0"
        },
        "x86_64-darwin": {
          "outputs": [
            {
              "name": "out",
              "path": "/nix/store/zmprrz19icpw7432rla947xmj3kv4a7r-elixir-ls-0.25.0",
              "default": true
            }
          ],
          "store_path": "/nix/store/zmprrz19icpw7432rla947xmj3kv4a7r-elixir-ls-0.25.0"
        },
        "x86_64-linux": {
          "outputs": [
            {
              "name": "out",
              "path": "/nix/store/mbzwyakcjcjjdxs2vscakvqsxybbx56a-elixir-ls-0.25.0",
              "default": true
            }
          ],
          "store_path": "/nix/store/mbzwyakcjcjjdxs2vscakvqsxybbx56a-elixir-ls-0.25.0"
        }
      }
    },
    "elixir@latest": {
      "last_modified": "2024-12-27T03:08:00Z",
      "plugin_version": "0.0.1",
      "resolved": "github:NixOS/nixpkgs/7cc0bff31a3a705d3ac4fdceb030a17239412210#elixir",
      "source": "devbox-search",
      "version": "1.18.1",
      "systems": {
        "aarch64-darwin": {
          "outputs": [
            {
              "name": "out",
              "path": "/nix/store/hdd9x34p0gplcl1bramq80lqi76xrd87-elixir-1.18.1",
              "default": true
            }
          ],
          "store_path": "/nix/store/hdd9x34p0gplcl1bramq80lqi76xrd87-elixir-1.18.1"
        },
        "aarch64-linux": {
          "outputs": [
            {
              "name": "out",
              "path": "/nix/store/a4g29icpil9b1hsniqspz5k110h4df8v-elixir-1.18.1",
              "default": true
            }
          ],
          "store_path": "/nix/store/a4g29icpil9b1hsniqspz5k110h4df8v-elixir-1.18.1"
        },
        "x86_64-darwin": {
          "outputs": [
            {
              "name": "out",
              "path": "/nix/store/b3h6f36zd4gjivb76lvvs6a9bi1mq9q8-elixir-1.18.1",
              "default": true
            }
          ],
          "store_path": "/nix/store/b3h6f36zd4gjivb76lvvs6a9bi1mq9q8-elixir-1.18.1"
        },
        "x86_64-linux": {
          "outputs": [
            {
              "name": "out",
              "path": "/nix/store/3zd200bq28mv3pdbii7rijzmb0gmhhs3-elixir-1.18.1",
              "default": true
            }
          ],
          "store_path": "/nix/store/3zd200bq28mv3pdbii7rijzmb0gmhhs3-elixir-1.18.1"
        }
      }
    },
    "github:NixOS/nixpkgs/nixpkgs-unstable": {
      "last_modified": "2025-05-16T20:19:48Z",
      "resolved": "github:NixOS/nixpkgs/12a55407652e04dcf2309436eb06fef0d3713ef3?lastModified=1747426788&narHash=sha256-N4cp0asTsJCnRMFZ%2Fk19V9akkxb7J%2FopG%2BK%2BjU57JGc%3D"
    },
    "nodePackages.npm@latest": {
      "last_modified": "2024-09-10T15:01:03Z",
      "resolved": "github:NixOS/nixpkgs/5ed627539ac84809c78b2dd6d26a5cebeb5ae269#nodePackages.npm",
      "source": "devbox-search",
      "version": "10.8.3",
      "systems": {
        "aarch64-darwin": {
          "outputs": [
            {
              "name": "out",
              "path": "/nix/store/d8iyr5aq1fs900ml37zqz0n1081642jp-npm-10.8.3",
              "default": true
            }
          ],
          "store_path": "/nix/store/d8iyr5aq1fs900ml37zqz0n1081642jp-npm-10.8.3"
        },
        "aarch64-linux": {
          "outputs": [
            {
              "name": "out",
              "path": "/nix/store/iy2pv3h924cf4mqbyz4a05hwq0da1jcj-npm-10.8.3",
              "default": true
            }
          ],
          "store_path": "/nix/store/iy2pv3h924cf4mqbyz4a05hwq0da1jcj-npm-10.8.3"
        },
        "x86_64-darwin": {
          "outputs": [
            {
              "name": "out",
              "path": "/nix/store/66mg53a857hmdc418dj6fyq28bdfa6pc-npm-10.8.3",
              "default": true
            }
          ],
          "store_path": "/nix/store/66mg53a857hmdc418dj6fyq28bdfa6pc-npm-10.8.3"
        },
        "x86_64-linux": {
          "outputs": [
            {
              "name": "out",
              "path": "/nix/store/91rs8y4165pm8gnh1xhc0hrhlnmbkvgy-npm-10.8.3",
              "default": true
            }
          ],
          "store_path": "/nix/store/91rs8y4165pm8gnh1xhc0hrhlnmbkvgy-npm-10.8.3"
        }
      }
    },
    "nodejs@22": {
      "last_modified": "2025-05-12T23:16:24Z",
      "plugin_version": "0.0.2",
      "resolved": "github:NixOS/nixpkgs/2e1da60850ce8159db9654a969c2c683f41c18b5#nodejs_22",
      "source": "devbox-search",
      "version": "22.14.0",
      "systems": {
        "aarch64-darwin": {
          "outputs": [
            {
              "name": "out",
              "path": "/nix/store/j2rsxk1lxlapi903kxkvnsdlb0pfbnl1-nodejs-22.14.0",
              "default": true
            },
            {
              "name": "dev",
              "path": "/nix/store/9xaa4qy83dpy95d1ffibkfzzgyyrp7hk-nodejs-22.14.0-dev"
            },
            {
              "name": "libv8",
              "path": "/nix/store/dcjrxq66pzqjvabbkz596sfbwlzgy1gm-nodejs-22.14.0-libv8"
            }
          ],
          "store_path": "/nix/store/j2rsxk1lxlapi903kxkvnsdlb0pfbnl1-nodejs-22.14.0"
        },
        "aarch64-linux": {
          "outputs": [
            {
              "name": "out",
              "path": "/nix/store/8v7hqm22mk2w725sqwqcnym5jznqmn64-nodejs-22.14.0",
              "default": true
            },
            {
              "name": "libv8",
              "path": "/nix/store/ww17b0kj7zawsa17l2kw5yi6019lddfy-nodejs-22.14.0-libv8"
            },
            {
              "name": "dev",
              "path": "/nix/store/9hv74w50r20z1f1flnpza0aicz5agg8i-nodejs-22.14.0-dev"
            }
          ],
          "store_path": "/nix/store/8v7hqm22mk2w725sqwqcnym5jznqmn64-nodejs-22.14.0"
        },
        "x86_64-darwin": {
          "outputs": [
            {
              "name": "out",
              "path": "/nix/store/sn8xmika3xqfpzzznbcv061gym6njija-nodejs-22.14.0",
              "default": true
            },
            {
              "name": "dev",
              "path": "/nix/store/6wb73ifswly0ajfp3zv125bqnvzb4k37-nodejs-22.14.0-dev"
            },
            {
              "name": "libv8",
              "path": "/nix/store/v4nnkjh9jdz0wsq7l3f4mdfh2skjvwal-nodejs-22.14.0-libv8"
            }
          ],
          "store_path": "/nix/store/sn8xmika3xqfpzzznbcv061gym6njija-nodejs-22.14.0"
        },
        "x86_64-linux": {
          "outputs": [
            {
              "name": "out",
              "path": "/nix/store/50lhzpd68v47x6jy0b8b3p91n2zv3lv4-nodejs-22.14.0",
              "default": true
            },
            {
              "name": "dev",
              "path": "/nix/store/sbqvdlpp1zp6fdr3cb0mqyprjbcf2ihn-nodejs-22.14.0-dev"
            },
            {
              "name": "libv8",
              "path": "/nix/store/ianbd6y7fbm32073q239zdxlcmjwvm57-nodejs-22.14.0-libv8"
            }
          ],
          "store_path": "/nix/store/50lhzpd68v47x6jy0b8b3p91n2zv3lv4-nodejs-22.14.0"
        }
      }
    },
    "online-judge-tools@latest": {
      "last_modified": "2025-05-12T14:38:58Z",
      "resolved": "github:NixOS/nixpkgs/eaeed9530c76ce5f1d2d8232e08bec5e26f18ec1#online-judge-tools",
      "source": "devbox-search",
      "version": "12.0.0",
      "systems": {
        "aarch64-darwin": {
          "outputs": [
            {
              "name": "out",
              "path": "/nix/store/l5ninknzwjj2yqr53sd3abgqm6l37l8y-python3.12-online-judge-tools-12.0.0",
              "default": true
            },
            {
              "name": "dist",
              "path": "/nix/store/zv1rw8ppslc5jdgbdwb7010gmj886bzz-python3.12-online-judge-tools-12.0.0-dist"
            }
          ],
          "store_path": "/nix/store/l5ninknzwjj2yqr53sd3abgqm6l37l8y-python3.12-online-judge-tools-12.0.0"
        },
        "aarch64-linux": {
          "outputs": [
            {
              "name": "out",
              "path": "/nix/store/61i01yj1p6d5gwff4550vaqd0nnhf6kj-python3.12-online-judge-tools-12.0.0",
              "default": true
            },
            {
              "name": "dist",
              "path": "/nix/store/v5zhnanzvd3agsr9vbwg599fvfl0hxp5-python3.12-online-judge-tools-12.0.0-dist"
            }
          ],
          "store_path": "/nix/store/61i01yj1p6d5gwff4550vaqd0nnhf6kj-python3.12-online-judge-tools-12.0.0"
        },
        "x86_64-darwin": {
          "outputs": [
            {
              "name": "out",
              "path": "/nix/store/m18f4jzyc16vmsh5xk38c8y8kfbmrmwk-python3.12-online-judge-tools-12.0.0",
              "default": true
            },
            {
              "name": "dist",
              "path": "/nix/store/8a8rz2py32pwfhwl2ax7qr3hicm9g98y-python3.12-online-judge-tools-12.0.0-dist"
            }
          ],
          "store_path": "/nix/store/m18f4jzyc16vmsh5xk38c8y8kfbmrmwk-python3.12-online-judge-tools-12.0.0"
        },
        "x86_64-linux": {
          "outputs": [
            {
              "name": "out",
              "path": "/nix/store/jr55ak450av026wmfd6cr5s5znm3y0wg-python3.12-online-judge-tools-12.0.0",
              "default": true
            },
            {
              "name": "dist",
              "path": "/nix/store/1i0ga63bwa6hqdmgiwykk47q81xghx37-python3.12-online-judge-tools-12.0.0-dist"
            }
          ],
          "store_path": "/nix/store/jr55ak450av026wmfd6cr5s5znm3y0wg-python3.12-online-judge-tools-12.0.0"
        }
      }
    }
  }
}
